
Microsoft Visual Studio Solution File, Format Version 12.00
# Visual Studio Version 16
VisualStudioVersion = 16.0.32106.194
MinimumVisualStudioVersion = 10.0.40219.1
Project("{FAE04EC0-301F-11D3-BF4B-00C04F79EFBC}") = "ShopGaspar", "ShopGaspar.csproj", "{5DD3C17E-D12D-41F6-AFE5-6F15323C3143}"
EndProject
Project("{2150E333-8FDC-42A3-9474-1A3956D46DE8}") = "Solution Items", "Solution Items", "{7CB42752-6EC7-403E-AD9B-4869A4AFC0D6}"
	ProjectSection(SolutionItems) = preProject
		.editorconfig = .editorconfig
	EndProjectSection
EndProject
Global
	GlobalSection(SolutionConfigurationPlatforms) = preSolution
		Debug|Any CPU = Debug|Any CPU
		Release|Any CPU = Release|Any CPU
	EndGlobalSection
	GlobalSection(ProjectConfigurationPlatforms) = postSolution
		{5DD3C17E-D12D-41F6-AFE5-6F15323C3143}.Debug|Any CPU.ActiveCfg = Debug|Any CPU
		{5DD3C17E-D12D-41F6-AFE5-6F15323C3143}.Debug|Any CPU.Build.0 = Debug|Any CPU
		{5DD3C17E-D12D-41F6-AFE5-6F15323C3143}.Release|Any CPU.ActiveCfg = Release|Any CPU
		{5DD3C17E-D12D-41F6-AFE5-6F15323C3143}.Release|Any CPU.Build.0 = Release|Any CPU
	EndGlobalSection
	GlobalSection(SolutionProperties) = preSolution
		HideSolutionNode = FALSE
	EndGlobalSection
	GlobalSection(ExtensibilityGlobals) = postSolution
		SolutionGuid = {E4107983-D78E-4AF4-B8ED-69A9A941D140}
	EndGlobalSection
EndGlobal
